# This file is generated by running "yarn install" inside your project.
# Manual changes might be lost - proceed with caution!

__metadata:
  version: 5
  cacheKey: 8

"console@workspace:packages/console":
  version: 0.0.0-use.local
  resolution: "console@workspace:packages/console"
  dependencies:
    shared: "workspace:^"
    typescript: next
  languageName: unknown
  linkType: soft

"shared@workspace:^, shared@workspace:packages/shared":
  version: 0.0.0-use.local
  resolution: "shared@workspace:packages/shared"
  dependencies:
    typescript: next
    uuid: ^8.3.2
  languageName: unknown
  linkType: soft

"typescript@npm:next":
  version: 4.5.0-dev.20211027
  resolution: "typescript@npm:4.5.0-dev.20211027"
  bin:
    tsc: bin/tsc
    tsserver: bin/tsserver
  checksum: 9ab3d3f3cc955c2f1f0c5cb517b32d5d97bdbb1cb1a98c12d2f0270a6a1ba8d9f3329cdc63ddb393faab332150132008e2d4a2a9b732e30583aa68a9d347d97a
  languageName: node
  linkType: hard

"typescript@patch:typescript@next#~builtin<compat/typescript>":
  version: 4.5.0-dev.20211027
  resolution: "typescript@patch:typescript@npm%3A4.5.0-dev.20211027#~builtin<compat/typescript>::version=4.5.0-dev.20211027&hash=ddd1e8"
  bin:
    tsc: bin/tsc
    tsserver: bin/tsserver
  checksum: ceb22629880be73d161c7555a6b11ab1b3787f794c2ffe449354a88272e40c67150d9b128eaa4e0c70596712ca6fa0a516dd695fa508cd8209e78cd5df5661b5
  languageName: node
  linkType: hard

"uuid@npm:^8.3.2":
  version: 8.3.2
  resolution: "uuid@npm:8.3.2"
  bin:
    uuid: dist/bin/uuid
  checksum: 5575a8a75c13120e2f10e6ddc801b2c7ed7d8f3c8ac22c7ed0c7b2ba6383ec0abda88c905085d630e251719e0777045ae3236f04c812184b7c765f63a70e58df
  languageName: node
  linkType: hard

"yarn-monorepo@workspace:.":
  version: 0.0.0-use.local
  resolution: "yarn-monorepo@workspace:."
  dependencies:
    typescript: next
  languageName: unknown
  linkType: soft
